version = 1
revision = 3
requires-python = ">=3.12"

[[package]]
name = "highspy"
version = "1.14.0"
source = { registry = "https://pypi.org/simple" }
dependencies = [
    { name = "numpy" },
]
sdist = { url = "https://files.pythonhosted.org/packages/7a/66/e74b1a805f65c52666e3b54cfc1ba783e745c2c8a7abaae9e7ef2d9e7270/highspy-1.14.0.tar.gz", hash = "sha256:b09cb5e3179a25fc615b8b0941130b0f71e19372c119f3dd620d63b54cd3ca4c", size = 1654913, upload-time = "2026-04-06T15:53:31.738Z" }
wheels = [
    { url = "https://files.pythonhosted.org/packages/c6/3d/83ee11de10ff6499efdb6edbb4586b472a4e9f982c0f6c5d3faa670bf1c3/highspy-1.14.0-cp312-cp312-macosx_10_13_x86_64.whl", hash = "sha256:2a8d0339887d65f5ef20c59be529af33115197d47f775ee21fca911a87d30f92", size = 2311831, upload-time = "2026-04-06T15:52:08.042Z" },
    { url = "https://files.pythonhosted.org/packages/b6/74/51cfca0c382886e302c4e6b9a50f9b160d214a88b4bc5937f5f8e2452dd9/highspy-1.14.0-cp312-cp312-macosx_11_0_arm64.whl", hash = "sha256:2f61406a287b19680ece9a8c0bc3926e31d26ad2b4df8ba49f22666ce762fb7d", size = 2122237, upload-time = "2026-04-06T15:52:09.587Z" },
    { url = "https://files.pythonhosted.org/packages/78/69/a60f9dc033712f564089700441fb08c7f89db32bccab7926ef95db6b2306/highspy-1.14.0-cp312-cp312-manylinux_2_24_aarch64.manylinux_2_28_aarch64.whl", hash = "sha256:74ee022cc8cc0e3a576f9b2309287974ea80db68adf8c9f1c5698dc725ec0497", size = 2409165, upload-time = "2026-04-06T15:52:11.067Z" },
    { url = "https://files.pythonhosted.org/packages/cd/c5/efa6d74704aa0bc5ffce9975553f6d13f4527e6fad8f79e7cacadfedd3d3/highspy-1.14.0-cp312-cp312-manylinux_2_24_x86_64.manylinux_2_28_x86_64.whl", hash = "sha256:eb7c564ee426355671edf6ad17b2ece5aaa74f21b326ed5e7a8ba5bdc880f207", size = 2632243, upload-time = "2026-04-06T15:52:12.529Z" },
    { url = "https://files.pythonhosted.org/packages/f2/1f/a701fee9ca318e6d175d719f8916d090dd7c8100c28bc591adac9fc2db35/highspy-1.14.0-cp312-cp312-manylinux_2_26_i686.manylinux_2_28_i686.whl", hash = "sha256:44d80756dde11941336933d777ae85b913c303fe40c3b7eb55fae0fe62bbea08", size = 2792226, upload-time = "2026-04-06T15:52:14.065Z" },
    { url = "https://files.pythonhosted.org/packages/cc/a4/b1db0018292e46d75d7aa7889f220d0fa0f2243a628e57790de80f1fc22f/highspy-1.14.0-cp312-cp312-musllinux_1_2_aarch64.whl", hash = "sha256:6ba00a35b6c4b96eb2d20d75238c6046ecf82ac85a603706e5f588d28c3b3abf", size = 3465843, upload-time = "2026-04-06T15:52:15.692Z" },
    { url = "https://files.pythonhosted.org/packages/6c/41/64c4b290a5237e14fbc7e4812d110aecf457273bbade8b27ca9b9ea86c5b/highspy-1.14.0-cp312-cp312-musllinux_1_2_i686.whl", hash = "sha256:e991b5ac8af64d686f2a56fb59391b4bb81a50d647fe1e31a1b0ff34d9d2bb51", size = 4042641, upload-time = "2026-04-06T15:52:17.573Z" },
    { url = "https://files.pythonhosted.org/packages/30/3a/cff37994f2fd313467749bc9939e5baab4aef0210c79547471d6bbda5e81/highspy-1.14.0-cp312-cp312-musllinux_1_2_x86_64.whl", hash = "sha256:c10554bd0a37d4be126f24cbb7f5aca5a4252dd6e572b51b2433ad6d94ce7a9d", size = 3712946, upload-time = "2026-04-06T15:52:19.466Z" },
    { url = "https://files.pythonhosted.org/packages/6d/60/f328af00a9f05838e766aa7808dc733bb74a4fa79adcf5fdd665cfb8d7ed/highspy-1.14.0-cp312-cp312-win32.whl", hash = "sha256:7290540f0352192e43bdc790a59a82cee1f8029bd8d6b9ca20b54b651256bab4", size = 1955124, upload-time = "2026-04-06T15:52:20.965Z" },
    { url = "https://files.pythonhosted.org/packages/69/ea/0b47c49b6df4474c603b6a232278d5d6e6afddcb9da5044e06dfec579222/highspy-1.14.0-cp312-cp312-win_amd64.whl", hash = "sha256:c0568d0fb514dc82776c3be1041988fe428c9df2be0ce98c1bff6382c0d2a5ba", size = 2323321, upload-time = "2026-04-06T15:52:22.418Z" },
    { url = "https://files.pythonhosted.org/packages/2d/2e/43b5d51852a8b06a079cc324ee877a91d2e87128ecd99905b45840b0fd3e/highspy-1.14.0-cp313-cp313-macosx_10_13_x86_64.whl", hash = "sha256:777ce930bc29a984826bc4e65ca7fec0407284a30877bc0d179dacc6bb7ee972", size = 2311865, upload-time = "2026-04-06T15:52:24.112Z" },
    { url = "https://files.pythonhosted.org/packages/1d/49/7e1a308163954faa3e91cbc0f73282a24d99b9cb6e7314c6f4266fee88d5/highspy-1.14.0-cp313-cp313-macosx_11_0_arm64.whl", hash = "sha256:479be627bbdf7646dccf5621059b9416e6480c3ffa16998e6cc4de89c40a3716", size = 2122334, upload-time = "2026-04-06T15:52:25.938Z" },
    { url = "https://files.pythonhosted.org/packages/87/8c/8ae1a6f3f645deeaaf5522ebd47c61f7d856e8883dd5e7f51318e00ca287/highspy-1.14.0-cp313-cp313-manylinux_2_24_aarch64.manylinux_2_28_aarch64.whl", hash = "sha256:863a9363b624d0ef0a5a5bfcbe437bcd3891676c8b7c4d801462320b1387ef37", size = 2409256, upload-time = "2026-04-06T15:52:27.306Z" },
    { url = "https://files.pythonhosted.org/packages/7c/40/501586f760677501f3b2f19f0b7236515d06c08db29ccaae838a6f20c05d/highspy-1.14.0-cp313-cp313-manylinux_2_24_x86_64.manylinux_2_28_x86_64.whl", hash = "sha256:ba290153919da6368e9144189060a496077a738522555e89403504d379e8d63f", size = 2632208, upload-time = "2026-04-06T15:52:29.122Z" },
    { url = "https://files.pythonhosted.org/packages/ad/0c/a4137e3fd564fe2615093771463d66fa74cc4a2a94e6b68c15a0f8572218/highspy-1.14.0-cp313-cp313-manylinux_2_26_i686.manylinux_2_28_i686.whl", hash = "sha256:bdc317bc2572a591cf9f0f2415d4b0879f9f0a47bdff3cda44f85a943941e64b", size = 2792091, upload-time = "2026-04-06T15:52:30.586Z" },
    { url = "https://files.pythonhosted.org/packages/af/91/aa3d6758212f4bb14c4c424053932a030ead226f8138da396a0bb6216d66/highspy-1.14.0-cp313-cp313-musllinux_1_2_aarch64.whl", hash = "sha256:02a987e0020bf28757df9efbdfd6abde6d501b64294f8201301958095dae7979", size = 3466025, upload-time = "2026-04-06T15:52:32.209Z" },
    { url = "https://files.pythonhosted.org/packages/64/10/25cd0fe6b0dfbae39bee2b7a6dfb91e29b1c78a338e537eb5fc8475ea03d/highspy-1.14.0-cp313-cp313-musllinux_1_2_i686.whl", hash = "sha256:03c9b39a9ca8fe973eb89093ac386a8606ac37beb0e637b1a9255e31bfe87ef3", size = 4043109, upload-time = "2026-04-06T15:52:34.203Z" },
    { url = "https://files.pythonhosted.org/packages/8c/27/4dbcba90d2c8b2ddcd3157d62f5531c2bfa75a3e360b8f05ac52996b489b/highspy-1.14.0-cp313-cp313-musllinux_1_2_x86_64.whl", hash = "sha256:a92b50e7508b90c6d65b315b7dd3b37c6d0db331e698052f7054da523e446eb4", size = 3712794, upload-time = "2026-04-06T15:52:36.163Z" },
    { url = "https://files.pythonhosted.org/packages/de/5a/72d9840b26b0b26916bd7624d606f31a0ce83f14709fcfaf52df31e29898/highspy-1.14.0-cp313-cp313-win32.whl", hash = "sha256:e8eb72be8766717ec856cf5fa3fcadd8ddd59bee0f4d71d4f45ae0a2b861795f", size = 1955044, upload-time = "2026-04-06T15:52:37.532Z" },
    { url = "https://files.pythonhosted.org/packages/22/7e/89f07a03ff9f5460043ba4815583fd3fda22aa6d088be3fb730346ccae63/highspy-1.14.0-cp313-cp313-win_amd64.whl", hash = "sha256:3d15faaab62b408320373540bfd5a7b9a48e9a01072b847f2270b8d5d881647c", size = 2323514, upload-time = "2026-04-06T15:52:38.939Z" },
    { url = "https://files.pythonhosted.org/packages/27/d4/2658ccfef1c31e25a29e337c9ede3107394fad0a9535820a096cd50ad055/highspy-1.14.0-cp314-cp314-macosx_10_15_x86_64.whl", hash = "sha256:cc9dfde9ad829f3463627dab84152ceb4c30c08b89b19226bf8f69d47a7fed5d", size = 2317451, upload-time = "2026-04-06T15:52:40.659Z" },
    { url = "https://files.pythonhosted.org/packages/fc/f8/7d9be61c80a6daa782bf51b4324bf8425896bf120809ca804ad08f69d12e/highspy-1.14.0-cp314-cp314-macosx_11_0_arm64.whl", hash = "sha256:fc8ad7a6fc0a44c99b9aa3a3d0c3a917b50dfa8c61e332cb2ee1f7ea4c234e4f", size = 2121732, upload-time = "2026-04-06T15:52:42.189Z" },
    { url = "https://files.pythonhosted.org/packages/01/eb/47f960ccb56986c2c9ef4ce9f293bae95de7c22a662f6c45b844c316d7ff/highspy-1.14.0-cp314-cp314-manylinux_2_24_aarch64.manylinux_2_28_aarch64.whl", hash = "sha256:39339a7a000998ab26eb87add814222fcdc304d38cfba2f6e098189b53ef0a79", size = 2410647, upload-time = "2026-04-06T15:52:43.674Z" },
    { url = "https://files.pythonhosted.org/packages/2d/38/3b37047686105955e2d54ec753c3b9e9d135bdd8e5ee1df310a87be25472/highspy-1.14.0-cp314-cp314-manylinux_2_24_x86_64.manylinux_2_28_x86_64.whl", hash = "sha256:c8f31f2635517c7d370be612a1e9102481483c749b9db786760dd489fad22519", size = 2632928, upload-time = "2026-04-06T15:52:45.373Z" },
    { url = "https://files.pythonhosted.org/packages/23/73/2a6673db80a5388f364d0f7218af08aebbfc05c866d1b4cc2ec79bc4d822/highspy-1.14.0-cp314-cp314-manylinux_2_26_i686.manylinux_2_28_i686.whl", hash = "sha256:68b944014ce307e24921c3bf904253d8849799ded819bda39a4b09359074ea0a", size = 2791407, upload-time = "2026-04-06T15:52:47.051Z" },
    { url = "https://files.pythonhosted.org/packages/53/4b/75f862b96420dd77a5f88d6401212534833b99aa0ef971d4eddfd227f913/highspy-1.14.0-cp314-cp314-musllinux_1_2_aarch64.whl", hash = "sha256:03538f68dff2038582d8aa7f5d05690ce459435f498ea0022869fe962d70d8ae", size = 3471297, upload-time = "2026-04-06T15:52:48.892Z" },
    { url = "https://files.pythonhosted.org/packages/ed/17/564c24dcc05d6f11876485654956dfb6b2f4ba17f21ecafe84b059a17ab4/highspy-1.14.0-cp314-cp314-musllinux_1_2_i686.whl", hash = "sha256:a54d687522347348639a62df270f45546a3cbd84a6cd230dc41732e9559c766f", size = 4045124, upload-time = "2026-04-06T15:52:50.383Z" },
    { url = "https://files.pythonhosted.org/packages/b1/34/a611fe3271be165fb13a7b85970820579515d652bd59f69aed001ed2ff98/highspy-1.14.0-cp314-cp314-musllinux_1_2_x86_64.whl", hash = "sha256:88db4d1ebefb119991ff16adb624c682ebc20fc586c86156843cb4be7c965d8a", size = 3713436, upload-time = "2026-04-06T15:52:51.849Z" },
    { url = "https://files.pythonhosted.org/packages/e7/0d/001726678facdd7ca435d430bf039732cc50d77fdbd6231fd3bac428893b/highspy-1.14.0-cp314-cp314-win32.whl", hash = "sha256:7a85730676ffc88eadca1721252bec168f6ffc0423f6141f6ad41f79bb441327", size = 1999958, upload-time = "2026-04-06T15:52:54.154Z" },
    { url = "https://files.pythonhosted.org/packages/a4/4d/c7f2b5c23c4b7103095a9959add5119c5653c17c6bc7817fd003bd3ba8c6/highspy-1.14.0-cp314-cp314-win_amd64.whl", hash = "sha256:90b7074d4bc34a4390636aaf9e4232ae15d4536098f1f1f39f04329c08751148", size = 2410786, upload-time = "2026-04-06T15:52:56.161Z" },
]

[[package]]
name = "numpy"
version = "2.4.4"
source = { registry = "https://pypi.org/simple" }
sdist = { url = "https://files.pythonhosted.org/packages/d7/9f/b8cef5bffa569759033adda9481211426f12f53299629b410340795c2514/numpy-2.4.4.tar.gz", hash = "sha256:2d390634c5182175533585cc89f3608a4682ccb173cc9bb940b2881c8d6f8fa0", size = 20731587, upload-time = "2026-03-29T13:22:01.298Z" }
wheels = [
    { url = "https://files.pythonhosted.org/packages/28/05/32396bec30fb2263770ee910142f49c1476d08e8ad41abf8403806b520ce/numpy-2.4.4-cp312-cp312-macosx_10_13_x86_64.whl", hash = "sha256:15716cfef24d3a9762e3acdf87e27f58dc823d1348f765bbea6bef8c639bfa1b", size = 16689272, upload-time = "2026-03-29T13:18:49.223Z" },
    { url = "https://files.pythonhosted.org/packages/c5/f3/a983d28637bfcd763a9c7aafdb6d5c0ebf3d487d1e1459ffdb57e2f01117/numpy-2.4.4-cp312-cp312-macosx_11_0_arm64.whl", hash = "sha256:23cbfd4c17357c81021f21540da84ee282b9c8fba38a03b7b9d09ba6b951421e", size = 14699573, upload-time = "2026-03-29T13:18:52.629Z" },
    { url = "https://files.pythonhosted.org/packages/9b/fd/e5ecca1e78c05106d98028114f5c00d3eddb41207686b2b7de3e477b0e22/numpy-2.4.4-cp312-cp312-macosx_14_0_arm64.whl", hash = "sha256:8b3b60bb7cba2c8c81837661c488637eee696f59a877788a396d33150c35d842", size = 5204782, upload-time = "2026-03-29T13:18:55.579Z" },
    { url = "https://files.pythonhosted.org/packages/de/2f/702a4594413c1a8632092beae8aba00f1d67947389369b3777aed783fdca/numpy-2.4.4-cp312-cp312-macosx_14_0_x86_64.whl", hash = "sha256:e4a010c27ff6f210ff4c6ef34394cd61470d01014439b192ec22552ee867f2a8", size = 6552038, upload-time = "2026-03-29T13:18:57.769Z" },
    { url = "https://files.pythonhosted.org/packages/7f/37/eed308a8f56cba4d1fdf467a4fc67ef4ff4bf1c888f5fc980481890104b1/numpy-2.4.4-cp312-cp312-manylinux_2_27_aarch64.manylinux_2_28_aarch64.whl", hash = "sha256:f9e75681b59ddaa5e659898085ae0eaea229d054f2ac0c7e563a62205a700121", size = 15670666, upload-time = "2026-03-29T13:19:00.341Z" },
    { url = "https://files.pythonhosted.org/packages/0a/0d/0e3ecece05b7a7e87ab9fb587855548da437a061326fff64a223b6dcb78a/numpy-2.4.4-cp312-cp312-manylinux_2_27_x86_64.manylinux_2_28_x86_64.whl", hash = "sha256:81f4a14bee47aec54f883e0cad2d73986640c1590eb9bfaaba7ad17394481e6e", size = 16645480, upload-time = "2026-03-29T13:19:03.63Z" },
    { url = "https://files.pythonhosted.org/packages/34/49/f2312c154b82a286758ee2f1743336d50651f8b5195db18cdb63675ff649/numpy-2.4.4-cp312-cp312-musllinux_1_2_aarch64.whl", hash = "sha256:62d6b0f03b694173f9fcb1fb317f7222fd0b0b103e784c6549f5e53a27718c44", size = 17020036, upload-time = "2026-03-29T13:19:07.428Z" },
    { url = "https://files.pythonhosted.org/packages/7b/e9/736d17bd77f1b0ec4f9901aaec129c00d59f5d84d5e79bba540ef12c2330/numpy-2.4.4-cp312-cp312-musllinux_1_2_x86_64.whl", hash = "sha256:fbc356aae7adf9e6336d336b9c8111d390a05df88f1805573ebb0807bd06fd1d", size = 18368643, upload-time = "2026-03-29T13:19:10.775Z" },
    { url = "https://files.pythonhosted.org/packages/63/f6/d417977c5f519b17c8a5c3bc9e8304b0908b0e21136fe43bf628a1343914/numpy-2.4.4-cp312-cp312-win32.whl", hash = "sha256:0d35aea54ad1d420c812bfa0385c71cd7cc5bcf7c65fed95fc2cd02fe8c79827", size = 5961117, upload-time = "2026-03-29T13:19:13.464Z" },
    { url = "https://files.pythonhosted.org/packages/2d/5b/e1deebf88ff431b01b7406ca3583ab2bbb90972bbe1c568732e49c844f7e/numpy-2.4.4-cp312-cp312-win_amd64.whl", hash = "sha256:b5f0362dc928a6ecd9db58868fca5e48485205e3855957bdedea308f8672ea4a", size = 12320584, upload-time = "2026-03-29T13:19:16.155Z" },
    { url = "https://files.pythonhosted.org/packages/58/89/e4e856ac82a68c3ed64486a544977d0e7bdd18b8da75b78a577ca31c4395/numpy-2.4.4-cp312-cp312-win_arm64.whl", hash = "sha256:846300f379b5b12cc769334464656bc882e0735d27d9726568bc932fdc49d5ec", size = 10221450, upload-time = "2026-03-29T13:19:18.994Z" },
    { url = "https://files.pythonhosted.org/packages/14/1d/d0a583ce4fefcc3308806a749a536c201ed6b5ad6e1322e227ee4848979d/numpy-2.4.4-cp313-cp313-macosx_10_13_x86_64.whl", hash = "sha256:08f2e31ed5e6f04b118e49821397f12767934cfdd12a1ce86a058f91e004ee50", size = 16684933, upload-time = "2026-03-29T13:19:22.47Z" },
    { url = "https://files.pythonhosted.org/packages/c1/62/2b7a48fbb745d344742c0277f01286dead15f3f68e4f359fbfcf7b48f70f/numpy-2.4.4-cp313-cp313-macosx_11_0_arm64.whl", hash = "sha256:e823b8b6edc81e747526f70f71a9c0a07ac4e7ad13020aa736bb7c9d67196115", size = 14694532, upload-time = "2026-03-29T13:19:25.581Z" },
    { url = "https://files.pythonhosted.org/packages/e5/87/499737bfba066b4a3bebff24a8f1c5b2dee410b209bc6668c9be692580f0/numpy-2.4.4-cp313-cp313-macosx_14_0_arm64.whl", hash = "sha256:4a19d9dba1a76618dd86b164d608566f393f8ec6ac7c44f0cc879011c45e65af", size = 5199661, upload-time = "2026-03-29T13:19:28.31Z" },
    { url = "https://files.pythonhosted.org/packages/cd/da/464d551604320d1491bc345efed99b4b7034143a85787aab78d5691d5a0e/numpy-2.4.4-cp313-cp313-macosx_14_0_x86_64.whl", hash = "sha256:d2a8490669bfe99a233298348acc2d824d496dee0e66e31b66a6022c2ad74a5c", size = 6547539, upload-time = "2026-03-29T13:19:30.97Z" },
    { url = "https://files.pythonhosted.org/packages/7d/90/8d23e3b0dafd024bf31bdec225b3bb5c2dbfa6912f8a53b8659f21216cbf/numpy-2.4.4-cp313-cp313-manylinux_2_27_aarch64.manylinux_2_28_aarch64.whl", hash = "sha256:45dbed2ab436a9e826e302fcdcbe9133f9b0006e5af7168afb8963a6520da103", size = 15668806, upload-time = "2026-03-29T13:19:33.887Z" },
    { url = "https://files.pythonhosted.org/packages/d1/73/a9d864e42a01896bb5974475438f16086be9ba1f0d19d0bb7a07427c4a8b/numpy-2.4.4-cp313-cp313-manylinux_2_27_x86_64.manylinux_2_28_x86_64.whl", hash = "sha256:c901b15172510173f5cb310eae652908340f8dede90fff9e3bf6c0d8dfd92f83", size = 16632682, upload-time = "2026-03-29T13:19:37.336Z" },
    { url = "https://files.pythonhosted.org/packages/34/fb/14570d65c3bde4e202a031210475ae9cde9b7686a2e7dc97ee67d2833b35/numpy-2.4.4-cp313-cp313-musllinux_1_2_aarch64.whl", hash = "sha256:99d838547ace2c4aace6c4f76e879ddfe02bb58a80c1549928477862b7a6d6ed", size = 17019810, upload-time = "2026-03-29T13:19:40.963Z" },
    { url = "https://files.pythonhosted.org/packages/8a/77/2ba9d87081fd41f6d640c83f26fb7351e536b7ce6dd9061b6af5904e8e46/numpy-2.4.4-cp313-cp313-musllinux_1_2_x86_64.whl", hash = "sha256:0aec54fd785890ecca25a6003fd9a5aed47ad607bbac5cd64f836ad8666f4959", size = 18357394, upload-time = "2026-03-29T13:19:44.859Z" },
    { url = "https://files.pythonhosted.org/packages/a2/23/52666c9a41708b0853fa3b1a12c90da38c507a3074883823126d4e9d5b30/numpy-2.4.4-cp313-cp313-win32.whl", hash = "sha256:07077278157d02f65c43b1b26a3886bce886f95d20aabd11f87932750dfb14ed", size = 5959556, upload-time = "2026-03-29T13:19:47.661Z" },
    { url = "https://files.pythonhosted.org/packages/57/fb/48649b4971cde70d817cf97a2a2fdc0b4d8308569f1dd2f2611959d2e0cf/numpy-2.4.4-cp313-cp313-win_amd64.whl", hash = "sha256:5c70f1cc1c4efbe316a572e2d8b9b9cc44e89b95f79ca3331553fbb63716e2bf", size = 12317311, upload-time = "2026-03-29T13:19:50.67Z" },
    { url = "https://files.pythonhosted.org/packages/ba/d8/11490cddd564eb4de97b4579ef6bfe6a736cc07e94c1598590ae25415e01/numpy-2.4.4-cp313-cp313-win_arm64.whl", hash = "sha256:ef4059d6e5152fa1a39f888e344c73fdc926e1b2dd58c771d67b0acfbf2aa67d", size = 10222060, upload-time = "2026-03-29T13:19:54.229Z" },
    { url = "https://files.pythonhosted.org/packages/99/5d/dab4339177a905aad3e2221c915b35202f1ec30d750dd2e5e9d9a72b804b/numpy-2.4.4-cp313-cp313t-macosx_11_0_arm64.whl", hash = "sha256:4bbc7f303d125971f60ec0aaad5e12c62d0d2c925f0ab1273debd0e4ba37aba5", size = 14822302, upload-time = "2026-03-29T13:19:57.585Z" },
    { url = "https://files.pythonhosted.org/packages/eb/e4/0564a65e7d3d97562ed6f9b0fd0fb0a6f559ee444092f105938b50043876/numpy-2.4.4-cp313-cp313t-macosx_14_0_arm64.whl", hash = "sha256:4d6d57903571f86180eb98f8f0c839fa9ebbfb031356d87f1361be91e433f5b7", size = 5327407, upload-time = "2026-03-29T13:20:00.601Z" },
    { url = "https://files.pythonhosted.org/packages/29/8d/35a3a6ce5ad371afa58b4700f1c820f8f279948cca32524e0a695b0ded83/numpy-2.4.4-cp313-cp313t-macosx_14_0_x86_64.whl", hash = "sha256:4636de7fd195197b7535f231b5de9e4b36d2c440b6e566d2e4e4746e6af0ca93", size = 6647631, upload-time = "2026-03-29T13:20:02.855Z" },
    { url = "https://files.pythonhosted.org/packages/f4/da/477731acbd5a58a946c736edfdabb2ac5b34c3d08d1ba1a7b437fa0884df/numpy-2.4.4-cp313-cp313t-manylinux_2_27_aarch64.manylinux_2_28_aarch64.whl", hash = "sha256:ad2e2ef14e0b04e544ea2fa0a36463f847f113d314aa02e5b402fdf910ef309e", size = 15727691, upload-time = "2026-03-29T13:20:06.004Z" },
    { url = "https://files.pythonhosted.org/packages/e6/db/338535d9b152beabeb511579598418ba0212ce77cf9718edd70262cc4370/numpy-2.4.4-cp313-cp313t-manylinux_2_27_x86_64.manylinux_2_28_x86_64.whl", hash = "sha256:5a285b3b96f951841799528cd1f4f01cd70e7e0204b4abebac9463eecfcf2a40", size = 16681241, upload-time = "2026-03-29T13:20:09.417Z" },
    { url = "https://files.pythonhosted.org/packages/e2/a9/ad248e8f58beb7a0219b413c9c7d8151c5d285f7f946c3e26695bdbbe2df/numpy-2.4.4-cp313-cp313t-musllinux_1_2_aarch64.whl", hash = "sha256:f8474c4241bc18b750be2abea9d7a9ec84f46ef861dbacf86a4f6e043401f79e", size = 17085767, upload-time = "2026-03-29T13:20:13.126Z" },
    { url = "https://files.pythonhosted.org/packages/b5/1a/3b88ccd3694681356f70da841630e4725a7264d6a885c8d442a697e1146b/numpy-2.4.4-cp313-cp313t-musllinux_1_2_x86_64.whl", hash = "sha256:4e874c976154687c1f71715b034739b45c7711bec81db01914770373d125e392", size = 18403169, upload-time = "2026-03-29T13:20:17.096Z" },
    { url = "https://files.pythonhosted.org/packages/c2/c9/fcfd5d0639222c6eac7f304829b04892ef51c96a75d479214d77e3ce6e33/numpy-2.4.4-cp313-cp313t-win32.whl", hash = "sha256:9c585a1790d5436a5374bac930dad6ed244c046ed91b2b2a3634eb2971d21008", size = 6083477, upload-time = "2026-03-29T13:20:20.195Z" },
    { url = "https://files.pythonhosted.org/packages/d5/e3/3938a61d1c538aaec8ed6fd6323f57b0c2d2d2219512434c5c878db76553/numpy-2.4.4-cp313-cp313t-win_amd64.whl", hash = "sha256:93e15038125dc1e5345d9b5b68aa7f996ec33b98118d18c6ca0d0b7d6198b7e8", size = 12457487, upload-time = "2026-03-29T13:20:22.946Z" },
    { url = "https://files.pythonhosted.org/packages/97/6a/7e345032cc60501721ef94e0e30b60f6b0bd601f9174ebd36389a2b86d40/numpy-2.4.4-cp313-cp313t-win_arm64.whl", hash = "sha256:0dfd3f9d3adbe2920b68b5cd3d51444e13a10792ec7154cd0a2f6e74d4ab3233", size = 10292002, upload-time = "2026-03-29T13:20:25.909Z" },
    { url = "https://files.pythonhosted.org/packages/6e/06/c54062f85f673dd5c04cbe2f14c3acb8c8b95e3384869bb8cc9bff8cb9df/numpy-2.4.4-cp314-cp314-macosx_10_15_x86_64.whl", hash = "sha256:f169b9a863d34f5d11b8698ead99febeaa17a13ca044961aa8e2662a6c7766a0", size = 16684353, upload-time = "2026-03-29T13:20:29.504Z" },
    { url = "https://files.pythonhosted.org/packages/4c/39/8a320264a84404c74cc7e79715de85d6130fa07a0898f67fb5cd5bd79908/numpy-2.4.4-cp314-cp314-macosx_11_0_arm64.whl", hash = "sha256:2483e4584a1cb3092da4470b38866634bafb223cbcd551ee047633fd2584599a", size = 14704914, upload-time = "2026-03-29T13:20:33.547Z" },
    { url = "https://files.pythonhosted.org/packages/91/fb/287076b2614e1d1044235f50f03748f31fa287e3dbe6abeb35cdfa351eca/numpy-2.4.4-cp314-cp314-macosx_14_0_arm64.whl", hash = "sha256:2d19e6e2095506d1736b7d80595e0f252d76b89f5e715c35e06e937679ea7d7a", size = 5210005, upload-time = "2026-03-29T13:20:36.45Z" },
    { url = "https://files.pythonhosted.org/packages/63/eb/fcc338595309910de6ecabfcef2419a9ce24399680bfb149421fa2df1280/numpy-2.4.4-cp314-cp314-macosx_14_0_x86_64.whl", hash = "sha256:6a246d5914aa1c820c9443ddcee9c02bec3e203b0c080349533fae17727dfd1b", size = 6544974, upload-time = "2026-03-29T13:20:39.014Z" },
    { url = "https://files.pythonhosted.org/packages/44/5d/e7e9044032a716cdfaa3fba27a8e874bf1c5f1912a1ddd4ed071bf8a14a6/numpy-2.4.4-cp314-cp314-manylinux_2_27_aarch64.manylinux_2_28_aarch64.whl", hash = "sha256:989824e9faf85f96ec9c7761cd8d29c531ad857bfa1daa930cba85baaecf1a9a", size = 15684591, upload-time = "2026-03-29T13:20:42.146Z" },
    { url = "https://files.pythonhosted.org/packages/98/7c/21252050676612625449b4807d6b695b9ce8a7c9e1c197ee6216c8a65c7c/numpy-2.4.4-cp314-cp314-manylinux_2_27_x86_64.manylinux_2_28_x86_64.whl", hash = "sha256:27a8d92cd10f1382a67d7cf4db7ce18341b66438bdd9f691d7b0e48d104c2a9d", size = 16637700, upload-time = "2026-03-29T13:20:46.204Z" },
    { url = "https://files.pythonhosted.org/packages/b1/29/56d2bbef9465db24ef25393383d761a1af4f446a1df9b8cded4fe3a5a5d7/numpy-2.4.4-cp314-cp314-musllinux_1_2_aarch64.whl", hash = "sha256:e44319a2953c738205bf3354537979eaa3998ed673395b964c1176083dd46252", size = 17035781, upload-time = "2026-03-29T13:20:50.242Z" },
    { url = "https://files.pythonhosted.org/packages/e3/2b/a35a6d7589d21f44cea7d0a98de5ddcbb3d421b2622a5c96b1edf18707c3/numpy-2.4.4-cp314-cp314-musllinux_1_2_x86_64.whl", hash = "sha256:e892aff75639bbef0d2a2cfd55535510df26ff92f63c92cd84ef8d4ba5a5557f", size = 18362959, upload-time = "2026-03-29T13:20:54.019Z" },
    { url = "https://files.pythonhosted.org/packages/64/c9/d52ec581f2390e0f5f85cbfd80fb83d965fc15e9f0e1aec2195faa142cde/numpy-2.4.4-cp314-cp314-win32.whl", hash = "sha256:1378871da56ca8943c2ba674530924bb8ca40cd228358a3b5f302ad60cf875fc", size = 6008768, upload-time = "2026-03-29T13:20:56.912Z" },
    { url = "https://files.pythonhosted.org/packages/fa/22/4cc31a62a6c7b74a8730e31a4274c5dc80e005751e277a2ce38e675e4923/numpy-2.4.4-cp314-cp314-win_amd64.whl", hash = "sha256:715d1c092715954784bc79e1174fc2a90093dc4dc84ea15eb14dad8abdcdeb74", size = 12449181, upload-time = "2026-03-29T13:20:59.548Z" },
    { url = "https://files.pythonhosted.org/packages/70/2e/14cda6f4d8e396c612d1bf97f22958e92148801d7e4f110cabebdc0eef4b/numpy-2.4.4-cp314-cp314-win_arm64.whl", hash = "sha256:2c194dd721e54ecad9ad387c1d35e63dce5c4450c6dc7dd5611283dda239aabb", size = 10496035, upload-time = "2026-03-29T13:21:02.524Z" },
    { url = "https://files.pythonhosted.org/packages/b1/e8/8fed8c8d848d7ecea092dc3469643f9d10bc3a134a815a3b033da1d2039b/numpy-2.4.4-cp314-cp314t-macosx_11_0_arm64.whl", hash = "sha256:2aa0613a5177c264ff5921051a5719d20095ea586ca88cc802c5c218d1c67d3e", size = 14824958, upload-time = "2026-03-29T13:21:05.671Z" },
    { url = "https://files.pythonhosted.org/packages/05/1a/d8007a5138c179c2bf33ef44503e83d70434d2642877ee8fbb230e7c0548/numpy-2.4.4-cp314-cp314t-macosx_14_0_arm64.whl", hash = "sha256:42c16925aa5a02362f986765f9ebabf20de75cdefdca827d14315c568dcab113", size = 5330020, upload-time = "2026-03-29T13:21:08.635Z" },
    { url = "https://files.pythonhosted.org/packages/99/64/ffb99ac6ae93faf117bcbd5c7ba48a7f45364a33e8e458545d3633615dda/numpy-2.4.4-cp314-cp314t-macosx_14_0_x86_64.whl", hash = "sha256:874f200b2a981c647340f841730fc3a2b54c9d940566a3c4149099591e2c4c3d", size = 6650758, upload-time = "2026-03-29T13:21:10.949Z" },
    { url = "https://files.pythonhosted.org/packages/6e/6e/795cc078b78a384052e73b2f6281ff7a700e9bf53bcce2ee579d4f6dd879/numpy-2.4.4-cp314-cp314t-manylinux_2_27_aarch64.manylinux_2_28_aarch64.whl", hash = "sha256:c9b39d38a9bd2ae1becd7eac1303d031c5c110ad31f2b319c6e7d98b135c934d", size = 15729948, upload-time = "2026-03-29T13:21:14.047Z" },
    { url = "https://files.pythonhosted.org/packages/5f/86/2acbda8cc2af5f3d7bfc791192863b9e3e19674da7b5e533fded124d1299/numpy-2.4.4-cp314-cp314t-manylinux_2_27_x86_64.manylinux_2_28_x86_64.whl", hash = "sha256:b268594bccac7d7cf5844c7732e3f20c50921d94e36d7ec9b79e9857694b1b2f", size = 16679325, upload-time = "2026-03-29T13:21:17.561Z" },
    { url = "https://files.pythonhosted.org/packages/bc/59/cafd83018f4aa55e0ac6fa92aa066c0a1877b77a615ceff1711c260ffae8/numpy-2.4.4-cp314-cp314t-musllinux_1_2_aarch64.whl", hash = "sha256:ac6b31e35612a26483e20750126d30d0941f949426974cace8e6b5c58a3657b0", size = 17084883, upload-time = "2026-03-29T13:21:21.106Z" },
    { url = "https://files.pythonhosted.org/packages/f0/85/a42548db84e65ece46ab2caea3d3f78b416a47af387fcbb47ec28e660dc2/numpy-2.4.4-cp314-cp314t-musllinux_1_2_x86_64.whl", hash = "sha256:8e3ed142f2728df44263aaf5fb1f5b0b99f4070c553a0d7f033be65338329150", size = 18403474, upload-time = "2026-03-29T13:21:24.828Z" },
    { url = "https://files.pythonhosted.org/packages/ed/ad/483d9e262f4b831000062e5d8a45e342166ec8aaa1195264982bca267e62/numpy-2.4.4-cp314-cp314t-win32.whl", hash = "sha256:dddbbd259598d7240b18c9d87c56a9d2fb3b02fe266f49a7c101532e78c1d871", size = 6155500, upload-time = "2026-03-29T13:21:28.205Z" },
    { url = "https://files.pythonhosted.org/packages/c7/03/2fc4e14c7bd4ff2964b74ba90ecb8552540b6315f201df70f137faa5c589/numpy-2.4.4-cp314-cp314t-win_amd64.whl", hash = "sha256:a7164afb23be6e37ad90b2f10426149fd75aee07ca55653d2aa41e66c4ef697e", size = 12637755, upload-time = "2026-03-29T13:21:31.107Z" },
    { url = "https://files.pythonhosted.org/packages/58/78/548fb8e07b1a341746bfbecb32f2c268470f45fa028aacdbd10d9bc73aab/numpy-2.4.4-cp314-cp314t-win_arm64.whl", hash = "sha256:ba203255017337d39f89bdd58417f03c4426f12beed0440cfd933cb15f8669c7", size = 10566643, upload-time = "2026-03-29T13:21:34.339Z" },
]

[[package]]
name = "pyomo"
version = "6.10.0"
source = { registry = "https://pypi.org/simple" }
sdist = { url = "https://files.pythonhosted.org/packages/df/be/6aa8022dec69bf837885a094b9bc8d452debcb455ab69b66ee27cc6563e3/pyomo-6.10.0.tar.gz", hash = "sha256:672fac375e57e121ca935adcc16a1cd118be8afa1a3e5608161fb86220c3a577", size = 3171562, upload-time = "2026-02-20T21:42:31.639Z" }
wheels = [
    { url = "https://files.pythonhosted.org/packages/89/8c/bbc4cfab889eaa689e85b2ec0574bd9a584d9de89d36e22ad11bd050acf5/pyomo-6.10.0-cp312-cp312-macosx_10_13_x86_64.whl", hash = "sha256:a564996b6e3c0b425d5961186ee5d726ba59d1fb29490eb63cd32d8183859c46", size = 4430199, upload-time = "2026-02-20T21:49:11.58Z" },
    { url = "https://files.pythonhosted.org/packages/75/3e/b5ff9b8b786741507eb899c865871c7bdac02f05eef6faa7cf625dae99b3/pyomo-6.10.0-cp312-cp312-macosx_11_0_arm64.whl", hash = "sha256:2e686b529e81a650ac9d1458476c664ee1cf2b45a90f57acce318524f50255ad", size = 4415951, upload-time = "2026-02-20T21:49:17.426Z" },
    { url = "https://files.pythonhosted.org/packages/2e/6b/7371e09047b6b0c3d475545aa819415a84d579797bfe9a9b822771dc8ea2/pyomo-6.10.0-cp312-cp312-manylinux_2_24_aarch64.manylinux_2_28_aarch64.whl", hash = "sha256:5d6c7d8802b399541e611f289172c3ec721e75a029a7d3af4cc56a0e8ff6735d", size = 4484110, upload-time = "2026-02-27T17:09:34.503Z" },
    { url = "https://files.pythonhosted.org/packages/ca/2b/ae9f35156948b959b7d292e842fea4a08dffbf96e944e88fdcf10a3c3391/pyomo-6.10.0-cp312-cp312-manylinux_2_24_x86_64.manylinux_2_28_x86_64.whl", hash = "sha256:a5ca37402b686816704a95f72d7d6c7aa5245f38f10010828ce9d0937694f4cb", size = 4512622, upload-time = "2026-02-20T21:49:23.022Z" },
    { url = "https://files.pythonhosted.org/packages/1c/66/b4fe4f6f9dcdb01c8590d507a4090c7ffdb72a2832115ce07fb83b23e718/pyomo-6.10.0-cp313-cp313-macosx_10_13_x86_64.whl", hash = "sha256:376dc045e62285b42ce41706df370f2ab5ac8babb31e2750aa3bf9eb6ce938ac", size = 4430253, upload-time = "2026-02-20T21:49:28.949Z" },
    { url = "https://files.pythonhosted.org/packages/75/01/a8c1539654b29903a98310fb34fd4caeebf67061289f552b1ea826462156/pyomo-6.10.0-cp313-cp313-macosx_11_0_arm64.whl", hash = "sha256:4bc7b77278da187e6bcd603317cb60dd6555aeff8159c811eb9755fc873c4928", size = 4416089, upload-time = "2026-02-20T21:49:34.724Z" },
    { url = "https://files.pythonhosted.org/packages/e7/ef/bf19632527bba7149d5a1d18ad5a923ee4956cd2a7c6dcc595a43321ca2e/pyomo-6.10.0-cp313-cp313-manylinux_2_24_aarch64.manylinux_2_28_aarch64.whl", hash = "sha256:e13d6ac1c837419d2140618faeee061c7ab8e09c872005a9e75ec46bcb6c85e4", size = 4484042, upload-time = "2026-02-27T17:09:44.869Z" },
    { url = "https://files.pythonhosted.org/packages/dd/4e/9d523d75a64dc7ed13fd76bbf94618666456b0b69dcf1f2dc308ada982f9/pyomo-6.10.0-cp313-cp313-manylinux_2_24_x86_64.manylinux_2_28_x86_64.whl", hash = "sha256:d6dcf06214b71617d45a7cb238793171863bf0a30d9e1740190443813baee200", size = 4513077, upload-time = "2026-02-20T21:49:40.608Z" },
    { url = "https://files.pythonhosted.org/packages/2b/11/ebc9e817490a7992e950cca96b2671c2a490b08f9eb9e4fdc5091c6e77b8/pyomo-6.10.0-cp314-cp314-macosx_10_15_x86_64.whl", hash = "sha256:581dfe7e747c322177e64236cb3fee7fa015d7e6022f66b59394b927f0f29b0a", size = 4431213, upload-time = "2026-02-20T21:49:47.522Z" },
    { url = "https://files.pythonhosted.org/packages/93/54/f0705ba23eab3f2287e58c3cdd34b51b18e12bbd98dc96bf57defb0eb6cd/pyomo-6.10.0-cp314-cp314-macosx_11_0_arm64.whl", hash = "sha256:70ab5312b1aa8b95618c3766c3e3f7be3e4d730e41ce24eea1b59eb5831d6817", size = 4416909, upload-time = "2026-02-20T21:49:53.383Z" },
    { url = "https://files.pythonhosted.org/packages/3f/d8/57012015ead9c60815976d3aa8948f8a0bcc621ea643c0eb520b84147739/pyomo-6.10.0-cp314-cp314-manylinux_2_24_aarch64.manylinux_2_28_aarch64.whl", hash = "sha256:d7519673917e049ba0910fc8b19648ebf711ebec9c685c7c840d66d5471dcc0c", size = 4486590, upload-time = "2026-02-27T17:09:54.395Z" },
    { url = "https://files.pythonhosted.org/packages/52/48/8bdf61ee998f65e2e00d65778e2a4cfe41129953a6b0ba72e7a5f5cefdc6/pyomo-6.10.0-cp314-cp314-manylinux_2_24_x86_64.manylinux_2_28_x86_64.whl", hash = "sha256:505a1ea36f80125b878d8d0e34f3eb6af2cac3309523011caf1877d88fd16ecd", size = 4514075, upload-time = "2026-02-20T21:49:59.483Z" },
    { url = "https://files.pythonhosted.org/packages/73/17/62983f857eb592d5ede12f0f41ddbe5d1fa17c2796fb8c3db8ac7859e177/pyomo-6.10.0-cp314-cp314t-macosx_10_15_x86_64.whl", hash = "sha256:905a16f21e90b44d9a52e2aaa9884c467abf50a945d08b9ddb8db40d4d707dbc", size = 4452689, upload-time = "2026-02-20T21:50:05.288Z" },
    { url = "https://files.pythonhosted.org/packages/67/e3/502d561a64259274c046f705e2325189e84a77c624f043f34fbd2f14e793/pyomo-6.10.0-cp314-cp314t-macosx_11_0_arm64.whl", hash = "sha256:4859fb1a0f78ac0f5fad00199244d461d7bc100c8f76a61d696a1e1461d68bb0", size = 4439487, upload-time = "2026-02-20T21:50:11.116Z" },
    { url = "https://files.pythonhosted.org/packages/3b/89/89164dcf7549f1034b1f8646b4b3cf6e1ec09cb0d30dfaa3fce125fd95a4/pyomo-6.10.0-cp314-cp314t-manylinux_2_24_aarch64.manylinux_2_28_aarch64.whl", hash = "sha256:07d69ae184c8206a4064fc13fe6b48d4a5aac7f18cbf8f6bed30faf9d3762106", size = 4479850, upload-time = "2026-02-27T17:10:04.269Z" },
    { url = "https://files.pythonhosted.org/packages/65/bd/cb4535b0bb63a7bcc968464ab739f54d2f4d15fe7924547336f5bd299513/pyomo-6.10.0-cp314-cp314t-manylinux_2_24_x86_64.manylinux_2_28_x86_64.whl", hash = "sha256:0590505b282468c9fc2555ced544213227a0a466bbc667826a36cc922afec6d7", size = 4506738, upload-time = "2026-02-20T21:50:17.382Z" },
    { url = "https://files.pythonhosted.org/packages/88/1d/b5dad00739979353726059137a647acf031ef3af5557a9d227ca7b32481d/pyomo-6.10.0-py3-none-any.whl", hash = "sha256:3fc34402474f78c9144c735499c8dc6a0570948034f4c668d24727ec1b4671b1", size = 4052690, upload-time = "2026-02-27T17:10:13.653Z" },
]

[[package]]
name = "pyomo-tutorial"
version = "0.1.0"
source = { virtual = "." }
dependencies = [
    { name = "highspy" },
    { name = "pyomo" },
]

[package.metadata]
requires-dist = [
    { name = "highspy", specifier = ">=1.14.0" },
    { name = "pyomo", specifier = ">=6.10.0" },
]
